
Microsoft Visual Studio Solution File, Format Version 12.00
# Visual Studio Version 16
VisualStudioVersion = 16.0.31424.327
MinimumVisualStudioVersion = 10.0.40219.1
Project("{FAE04EC0-301F-11D3-BF4B-00C04F79EFBC}") = "RWAProject", "RWAProject\RWAProject.csproj", "{2887F976-6874-4B3C-9F61-FD91BB7C7A17}"
EndProject
Global
	GlobalSection(SolutionConfigurationPlatforms) = preSolution
		Debug|Any CPU = Debug|Any CPU
		Release|Any CPU = Release|Any CPU
	EndGlobalSection
	GlobalSection(ProjectConfigurationPlatforms) = postSolution
		{2887F976-6874-4B3C-9F61-FD91BB7C7A17}.Debug|Any CPU.ActiveCfg = Debug|Any CPU
		{2887F976-6874-4B3C-9F61-FD91BB7C7A17}.Debug|Any CPU.Build.0 = Debug|Any CPU
		{2887F976-6874-4B3C-9F61-FD91BB7C7A17}.Release|Any CPU.ActiveCfg = Release|Any CPU
		{2887F976-6874-4B3C-9F61-FD91BB7C7A17}.Release|Any CPU.Build.0 = Release|Any CPU
	EndGlobalSection
	GlobalSection(SolutionProperties) = preSolution
		HideSolutionNode = FALSE
	EndGlobalSection
	GlobalSection(ExtensibilityGlobals) = postSolution
		SolutionGuid = {673D1751-F770-4D3E-B05A-B08458AA6415}
	EndGlobalSection
EndGlobal
